
Microsoft Visual Studio Solution File, Format Version 12.00
# Visual Studio 14
VisualStudioVersion = 14.0.25420.1
MinimumVisualStudioVersion = 10.0.40219.1
Project("{2150E333-8FDC-42A3-9474-1A3956D46DE8}") = "1.Base Utility", "1.Base Utility", "{D8B2C2E0-9F65-4C3A-AB4D-17F68C595CAD}"
EndProject
Project("{2150E333-8FDC-42A3-9474-1A3956D46DE8}") = "2.Data Access", "2.Data Access", "{C5A08264-EEBB-4A7D-B7A7-AA382E581112}"
EndProject
Project("{2150E333-8FDC-42A3-9474-1A3956D46DE8}") = "3.Data Service", "3.Data Service", "{53DB19D9-F044-407B-8EBF-73472145E0F7}"
EndProject
Project("{FAE04EC0-301F-11D3-BF4B-00C04F79EFBC}") = "FCP.Util", "src\FCP.Util\FCP.Util.csproj", "{FC081E71-8C77-4858-877F-4439B41462AC}"
EndProject
Project("{FAE04EC0-301F-11D3-BF4B-00C04F79EFBC}") = "FCP.Data", "src\FCP.Data\FCP.Data.csproj", "{71472C56-2CE3-468C-A3DF-9B1E8D520134}"
EndProject
Project("{FAE04EC0-301F-11D3-BF4B-00C04F79EFBC}") = "FCP.Repository", "src\FCP.Repository\FCP.Repository.csproj", "{C8EF8CEC-AC5C-4D23-B7F6-BE57A01892D1}"
EndProject
Project("{FAE04EC0-301F-11D3-BF4B-00C04F79EFBC}") = "FCP.Service", "src\FCP.Service\FCP.Service.csproj", "{8F9F749F-C496-414D-8C80-8D22FC6A376F}"
EndProject
Project("{FAE04EC0-301F-11D3-BF4B-00C04F79EFBC}") = "FCP.Util.Async", "src\FCP.Util.Async\FCP.Util.Async.csproj", "{0B53E664-6C1C-4FEC-9069-5F74A3AE83AB}"
EndProject
Project("{2150E333-8FDC-42A3-9474-1A3956D46DE8}") = "4.Core", "4.Core", "{11E33FBD-5A8F-4E23-97FC-D1DF270AD8B6}"
EndProject
Project("{FAE04EC0-301F-11D3-BF4B-00C04F79EFBC}") = "FCP.Core", "src\FCP.Core\FCP.Core.csproj", "{9DDBDAAB-7BA3-4E11-A3E5-8969421893B3}"
EndProject
Project("{FAE04EC0-301F-11D3-BF4B-00C04F79EFBC}") = "FCP.Entity", "src\FCP.Entity\FCP.Entity.csproj", "{72736C2D-5DBD-4E39-A239-D49D6783AAE5}"
EndProject
Project("{2150E333-8FDC-42A3-9474-1A3956D46DE8}") = "Test", "Test", "{268DEE77-3875-4EBE-BEE2-D5A445E85826}"
EndProject
Project("{FAE04EC0-301F-11D3-BF4B-00C04F79EFBC}") = "FCP.Util.Test", "test\FCP.Util.Test\FCP.Util.Test.csproj", "{66DC09A3-CB63-44CE-B88E-E78CACD7D8B1}"
EndProject
Global
	GlobalSection(SolutionConfigurationPlatforms) = preSolution
		Debug|Any CPU = Debug|Any CPU
		Release|Any CPU = Release|Any CPU
	EndGlobalSection
	GlobalSection(ProjectConfigurationPlatforms) = postSolution
		{FC081E71-8C77-4858-877F-4439B41462AC}.Debug|Any CPU.ActiveCfg = Debug|Any CPU
		{FC081E71-8C77-4858-877F-4439B41462AC}.Debug|Any CPU.Build.0 = Debug|Any CPU
		{FC081E71-8C77-4858-877F-4439B41462AC}.Release|Any CPU.ActiveCfg = Release|Any CPU
		{FC081E71-8C77-4858-877F-4439B41462AC}.Release|Any CPU.Build.0 = Release|Any CPU
		{71472C56-2CE3-468C-A3DF-9B1E8D520134}.Debug|Any CPU.ActiveCfg = Debug|Any CPU
		{71472C56-2CE3-468C-A3DF-9B1E8D520134}.Debug|Any CPU.Build.0 = Debug|Any CPU
		{71472C56-2CE3-468C-A3DF-9B1E8D520134}.Release|Any CPU.ActiveCfg = Release|Any CPU
		{71472C56-2CE3-468C-A3DF-9B1E8D520134}.Release|Any CPU.Build.0 = Release|Any CPU
		{C8EF8CEC-AC5C-4D23-B7F6-BE57A01892D1}.Debug|Any CPU.ActiveCfg = Debug|Any CPU
		{C8EF8CEC-AC5C-4D23-B7F6-BE57A01892D1}.Debug|Any CPU.Build.0 = Debug|Any CPU
		{C8EF8CEC-AC5C-4D23-B7F6-BE57A01892D1}.Release|Any CPU.ActiveCfg = Release|Any CPU
		{C8EF8CEC-AC5C-4D23-B7F6-BE57A01892D1}.Release|Any CPU.Build.0 = Release|Any CPU
		{8F9F749F-C496-414D-8C80-8D22FC6A376F}.Debug|Any CPU.ActiveCfg = Debug|Any CPU
		{8F9F749F-C496-414D-8C80-8D22FC6A376F}.Debug|Any CPU.Build.0 = Debug|Any CPU
		{8F9F749F-C496-414D-8C80-8D22FC6A376F}.Release|Any CPU.ActiveCfg = Release|Any CPU
		{8F9F749F-C496-414D-8C80-8D22FC6A376F}.Release|Any CPU.Build.0 = Release|Any CPU
		{0B53E664-6C1C-4FEC-9069-5F74A3AE83AB}.Debug|Any CPU.ActiveCfg = Debug|Any CPU
		{0B53E664-6C1C-4FEC-9069-5F74A3AE83AB}.Debug|Any CPU.Build.0 = Debug|Any CPU
		{0B53E664-6C1C-4FEC-9069-5F74A3AE83AB}.Release|Any CPU.ActiveCfg = Release|Any CPU
		{0B53E664-6C1C-4FEC-9069-5F74A3AE83AB}.Release|Any CPU.Build.0 = Release|Any CPU
		{9DDBDAAB-7BA3-4E11-A3E5-8969421893B3}.Debug|Any CPU.ActiveCfg = Debug|Any CPU
		{9DDBDAAB-7BA3-4E11-A3E5-8969421893B3}.Debug|Any CPU.Build.0 = Debug|Any CPU
		{9DDBDAAB-7BA3-4E11-A3E5-8969421893B3}.Release|Any CPU.ActiveCfg = Release|Any CPU
		{9DDBDAAB-7BA3-4E11-A3E5-8969421893B3}.Release|Any CPU.Build.0 = Release|Any CPU
		{72736C2D-5DBD-4E39-A239-D49D6783AAE5}.Debug|Any CPU.ActiveCfg = Debug|Any CPU
		{72736C2D-5DBD-4E39-A239-D49D6783AAE5}.Debug|Any CPU.Build.0 = Debug|Any CPU
		{72736C2D-5DBD-4E39-A239-D49D6783AAE5}.Release|Any CPU.ActiveCfg = Release|Any CPU
		{72736C2D-5DBD-4E39-A239-D49D6783AAE5}.Release|Any CPU.Build.0 = Release|Any CPU
		{66DC09A3-CB63-44CE-B88E-E78CACD7D8B1}.Debug|Any CPU.ActiveCfg = Debug|Any CPU
		{66DC09A3-CB63-44CE-B88E-E78CACD7D8B1}.Debug|Any CPU.Build.0 = Debug|Any CPU
		{66DC09A3-CB63-44CE-B88E-E78CACD7D8B1}.Release|Any CPU.ActiveCfg = Release|Any CPU
		{66DC09A3-CB63-44CE-B88E-E78CACD7D8B1}.Release|Any CPU.Build.0 = Release|Any CPU
	EndGlobalSection
	GlobalSection(SolutionProperties) = preSolution
		HideSolutionNode = FALSE
	EndGlobalSection
	GlobalSection(NestedProjects) = preSolution
		{FC081E71-8C77-4858-877F-4439B41462AC} = {D8B2C2E0-9F65-4C3A-AB4D-17F68C595CAD}
		{71472C56-2CE3-468C-A3DF-9B1E8D520134} = {C5A08264-EEBB-4A7D-B7A7-AA382E581112}
		{C8EF8CEC-AC5C-4D23-B7F6-BE57A01892D1} = {C5A08264-EEBB-4A7D-B7A7-AA382E581112}
		{8F9F749F-C496-414D-8C80-8D22FC6A376F} = {53DB19D9-F044-407B-8EBF-73472145E0F7}
		{0B53E664-6C1C-4FEC-9069-5F74A3AE83AB} = {D8B2C2E0-9F65-4C3A-AB4D-17F68C595CAD}
		{9DDBDAAB-7BA3-4E11-A3E5-8969421893B3} = {11E33FBD-5A8F-4E23-97FC-D1DF270AD8B6}
		{72736C2D-5DBD-4E39-A239-D49D6783AAE5} = {C5A08264-EEBB-4A7D-B7A7-AA382E581112}
		{66DC09A3-CB63-44CE-B88E-E78CACD7D8B1} = {268DEE77-3875-4EBE-BEE2-D5A445E85826}
	EndGlobalSection
EndGlobal
